// !$*UTF8*$!
{
	archiveVersion = 1;
	classes = {
	};
	objectVersion = 55;
	objects = {

/* Begin PBXBuildFile section */
		2A8C73E928A3121300AE5543 /* Tests_iOS.swift in Sources */ = {isa = PBXBuildFile; fileRef = 2A8C73E828A3121300AE5543 /* Tests_iOS.swift */; };
		2A8C73EB28A3121300AE5543 /* Tests_iOSLaunchTests.swift in Sources */ = {isa = PBXBuildFile; fileRef = 2A8C73EA28A3121300AE5543 /* Tests_iOSLaunchTests.swift */; };
		2A8C73F528A3121300AE5543 /* Tests_macOS.swift in Sources */ = {isa = PBXBuildFile; fileRef = 2A8C73F428A3121300AE5543 /* Tests_macOS.swift */; };
		2A8C73F728A3121300AE5543 /* Tests_macOSLaunchTests.swift in Sources */ = {isa = PBXBuildFile; fileRef = 2A8C73F628A3121300AE5543 /* Tests_macOSLaunchTests.swift */; };
		2A8C73F828A3121300AE5543 /* SwiftyRickyApp.swift in Sources */ = {isa = PBXBuildFile; fileRef = 2A8C73D028A3120900AE5543 /* SwiftyRickyApp.swift */; };
		2A8C73F928A3121300AE5543 /* SwiftyRickyApp.swift in Sources */ = {isa = PBXBuildFile; fileRef = 2A8C73D028A3120900AE5543 /* SwiftyRickyApp.swift */; };
		2A8C73FA28A3121300AE5543 /* ContentView.swift in Sources */ = {isa = PBXBuildFile; fileRef = 2A8C73D128A3120900AE5543 /* ContentView.swift */; };
		2A8C73FB28A3121300AE5543 /* ContentView.swift in Sources */ = {isa = PBXBuildFile; fileRef = 2A8C73D128A3120900AE5543 /* ContentView.swift */; };
		2A8C73FC28A3121300AE5543 /* Assets.xcassets in Resources */ = {isa = PBXBuildFile; fileRef = 2A8C73D228A3121300AE5543 /* Assets.xcassets */; };
		2A8C73FD28A3121300AE5543 /* Assets.xcassets in Resources */ = {isa = PBXBuildFile; fileRef = 2A8C73D228A3121300AE5543 /* Assets.xcassets */; };
/* End PBXBuildFile section */

/* Begin PBXContainerItemProxy section */
		2A8C73E528A3121300AE5543 /* PBXContainerItemProxy */ = {
			isa = PBXContainerItemProxy;
			containerPortal = 2A8C73CB28A3120900AE5543 /* Project object */;
			proxyType = 1;
			remoteGlobalIDString = 2A8C73D628A3121300AE5543;
			remoteInfo = "SwiftyRicky (iOS)";
		};
		2A8C73F128A3121300AE5543 /* PBXContainerItemProxy */ = {
			isa = PBXContainerItemProxy;
			containerPortal = 2A8C73CB28A3120900AE5543 /* Project object */;
			proxyType = 1;
			remoteGlobalIDString = 2A8C73DC28A3121300AE5543;
			remoteInfo = "SwiftyRicky (macOS)";
		};
/* End PBXContainerItemProxy section */

/* Begin PBXFileReference section */
		2A8C73D028A3120900AE5543 /* SwiftyRickyApp.swift */ = {isa = PBXFileReference; lastKnownFileType = sourcecode.swift; path = SwiftyRickyApp.swift; sourceTree = "<group>"; };
		2A8C73D128A3120900AE5543 /* ContentView.swift */ = {isa = PBXFileReference; lastKnownFileType = sourcecode.swift; path = ContentView.swift; sourceTree = "<group>"; };
		2A8C73D228A3121300AE5543 /* Assets.xcassets */ = {isa = PBXFileReference; lastKnownFileType = folder.assetcatalog; path = Assets.xcassets; sourceTree = "<group>"; };
		2A8C73D728A3121300AE5543 /* SwiftyRicky.app */ = {isa = PBXFileReference; explicitFileType = wrapper.application; includeInIndex = 0; path = SwiftyRicky.app; sourceTree = BUILT_PRODUCTS_DIR; };
		2A8C73DD28A3121300AE5543 /* SwiftyRicky.app */ = {isa = PBXFileReference; explicitFileType = wrapper.application; includeInIndex = 0; path = SwiftyRicky.app; sourceTree = BUILT_PRODUCTS_DIR; };
		2A8C73DF28A3121300AE5543 /* macOS.entitlements */ = {isa = PBXFileReference; lastKnownFileType = text.plist.entitlements; path = macOS.entitlements; sourceTree = "<group>"; };
		2A8C73E428A3121300AE5543 /* Tests iOS.xctest */ = {isa = PBXFileReference; explicitFileType = wrapper.cfbundle; includeInIndex = 0; path = "Tests iOS.xctest"; sourceTree = BUILT_PRODUCTS_DIR; };
		2A8C73E828A3121300AE5543 /* Tests_iOS.swift */ = {isa = PBXFileReference; lastKnownFileType = sourcecode.swift; path = Tests_iOS.swift; sourceTree = "<group>"; };
		2A8C73EA28A3121300AE5543 /* Tests_iOSLaunchTests.swift */ = {isa = PBXFileReference; lastKnownFileType = sourcecode.swift; path = Tests_iOSLaunchTests.swift; sourceTree = "<group>"; };
		2A8C73F028A3121300AE5543 /* Tests macOS.xctest */ = {isa = PBXFileReference; explicitFileType = wrapper.cfbundle; includeInIndex = 0; path = "Tests macOS.xctest"; sourceTree = BUILT_PRODUCTS_DIR; };
		2A8C73F428A3121300AE5543 /* Tests_macOS.swift */ = {isa = PBXFileReference; lastKnownFileType = sourcecode.swift; path = Tests_macOS.swift; sourceTree = "<group>"; };
		2A8C73F628A3121300AE5543 /* Tests_macOSLaunchTests.swift */ = {isa = PBXFileReference; lastKnownFileType = sourcecode.swift; path = Tests_macOSLaunchTests.swift; sourceTree = "<group>"; };
/* End PBXFileReference section */

/* Begin PBXFrameworksBuildPhase section */
		2A8C73D428A3121300AE5543 /* Frameworks */ = {
			isa = PBXFrameworksBuildPhase;
			buildActionMask = 2147483647;
			files = (
			);
			runOnlyForDeploymentPostprocessing = 0;
		};
		2A8C73DA28A3121300AE5543 /* Frameworks */ = {
			isa = PBXFrameworksBuildPhase;
			buildActionMask = 2147483647;
			files = (
			);
			runOnlyForDeploymentPostprocessing = 0;
		};
		2A8C73E128A3121300AE5543 /* Frameworks */ = {
			isa = PBXFrameworksBuildPhase;
			buildActionMask = 2147483647;
			files = (
			);
			runOnlyForDeploymentPostprocessing = 0;
		};
		2A8C73ED28A3121300AE5543 /* Frameworks */ = {
			isa = PBXFrameworksBuildPhase;
			buildActionMask = 2147483647;
			files = (
			);
			runOnlyForDeploymentPostprocessing = 0;
		};
/* End PBXFrameworksBuildPhase section */

/* Begin PBXGroup section */
		2A8C73CA28A3120900AE5543 = {
			isa = PBXGroup;
			children = (
				2A8C73CF28A3120900AE5543 /* Shared */,
				2A8C73DE28A3121300AE5543 /* macOS */,
				2A8C73E728A3121300AE5543 /* Tests iOS */,
				2A8C73F328A3121300AE5543 /* Tests macOS */,
				2A8C73D828A3121300AE5543 /* Products */,
			);
			sourceTree = "<group>";
		};
		2A8C73CF28A3120900AE5543 /* Shared */ = {
			isa = PBXGroup;
			children = (
				2A8C73D028A3120900AE5543 /* SwiftyRickyApp.swift */,
				2A8C73D128A3120900AE5543 /* ContentView.swift */,
				2A8C73D228A3121300AE5543 /* Assets.xcassets */,
			);
			path = Shared;
			sourceTree = "<group>";
		};
		2A8C73D828A3121300AE5543 /* Products */ = {
			isa = PBXGroup;
			children = (
				2A8C73D728A3121300AE5543 /* SwiftyRicky.app */,
				2A8C73DD28A3121300AE5543 /* SwiftyRicky.app */,
				2A8C73E428A3121300AE5543 /* Tests iOS.xctest */,
				2A8C73F028A3121300AE5543 /* Tests macOS.xctest */,
			);
			name = Products;
			sourceTree = "<group>";
		};
		2A8C73DE28A3121300AE5543 /* macOS */ = {
			isa = PBXGroup;
			children = (
				2A8C73DF28A3121300AE5543 /* macOS.entitlements */,
			);
			path = macOS;
			sourceTree = "<group>";
		};
		2A8C73E728A3121300AE5543 /* Tests iOS */ = {
			isa = PBXGroup;
			children = (
				2A8C73E828A3121300AE5543 /* Tests_iOS.swift */,
				2A8C73EA28A3121300AE5543 /* Tests_iOSLaunchTests.swift */,
			);
			path = "Tests iOS";
			sourceTree = "<group>";
		};
		2A8C73F328A3121300AE5543 /* Tests macOS */ = {
			isa = PBXGroup;
			children = (
				2A8C73F428A3121300AE5543 /* Tests_macOS.swift */,
				2A8C73F628A3121300AE5543 /* Tests_macOSLaunchTests.swift */,
			);
			path = "Tests macOS";
			sourceTree = "<group>";
		};
/* End PBXGroup section */

/* Begin PBXNativeTarget section */
		2A8C73D628A3121300AE5543 /* SwiftyRicky (iOS) */ = {
			isa = PBXNativeTarget;
			buildConfigurationList = 2A8C740028A3121300AE5543 /* Build configuration list for PBXNativeTarget "SwiftyRicky (iOS)" */;
			buildPhases = (
				2A8C73D328A3121300AE5543 /* Sources */,
				2A8C73D428A3121300AE5543 /* Frameworks */,
				2A8C73D528A3121300AE5543 /* Resources */,
			);
			buildRules = (
			);
			dependencies = (
			);
			name = "SwiftyRicky (iOS)";
			productName = "SwiftyRicky (iOS)";
			productReference = 2A8C73D728A3121300AE5543 /* SwiftyRicky.app */;
			productType = "com.apple.product-type.application";
		};
		2A8C73DC28A3121300AE5543 /* SwiftyRicky (macOS) */ = {
			isa = PBXNativeTarget;
			buildConfigurationList = 2A8C740328A3121300AE5543 /* Build configuration list for PBXNativeTarget "SwiftyRicky (macOS)" */;
			buildPhases = (
				2A8C73D928A3121300AE5543 /* Sources */,
				2A8C73DA28A3121300AE5543 /* Frameworks */,
				2A8C73DB28A3121300AE5543 /* Resources */,
			);
			buildRules = (
			);
			dependencies = (
			);
			name = "SwiftyRicky (macOS)";
			productName = "SwiftyRicky (macOS)";
			productReference = 2A8C73DD28A3121300AE5543 /* SwiftyRicky.app */;
			productType = "com.apple.product-type.application";
		};
		2A8C73E328A3121300AE5543 /* Tests iOS */ = {
			isa = PBXNativeTarget;
			buildConfigurationList = 2A8C740628A3121300AE5543 /* Build configuration list for PBXNativeTarget "Tests iOS" */;
			buildPhases = (
				2A8C73E028A3121300AE5543 /* Sources */,
				2A8C73E128A3121300AE5543 /* Frameworks */,
				2A8C73E228A3121300AE5543 /* Resources */,
			);
			buildRules = (
			);
			dependencies = (
				2A8C73E628A3121300AE5543 /* PBXTargetDependency */,
			);
			name = "Tests iOS";
			productName = "Tests iOS";
			productReference = 2A8C73E428A3121300AE5543 /* Tests iOS.xctest */;
			productType = "com.apple.product-type.bundle.ui-testing";
		};
		2A8C73EF28A3121300AE5543 /* Tests macOS */ = {
			isa = PBXNativeTarget;
			buildConfigurationList = 2A8C740928A3121300AE5543 /* Build configuration list for PBXNativeTarget "Tests macOS" */;
			buildPhases = (
				2A8C73EC28A3121300AE5543 /* Sources */,
				2A8C73ED28A3121300AE5543 /* Frameworks */,
				2A8C73EE28A3121300AE5543 /* Resources */,
			);
			buildRules = (
			);
			dependencies = (
				2A8C73F228A3121300AE5543 /* PBXTargetDependency */,
			);
			name = "Tests macOS";
			productName = "Tests macOS";
			productReference = 2A8C73F028A3121300AE5543 /* Tests macOS.xctest */;
			productType = "com.apple.product-type.bundle.ui-testing";
		};
/* End PBXNativeTarget section */

/* Begin PBXProject section */
		2A8C73CB28A3120900AE5543 /* Project object */ = {
			isa = PBXProject;
			attributes = {
				BuildIndependentTargetsInParallel = 1;
				LastSwiftUpdateCheck = 1340;
				LastUpgradeCheck = 1340;
				TargetAttributes = {
					2A8C73D628A3121300AE5543 = {
						CreatedOnToolsVersion = 13.4.1;
					};
					2A8C73DC28A3121300AE5543 = {
						CreatedOnToolsVersion = 13.4.1;
					};
					2A8C73E328A3121300AE5543 = {
						CreatedOnToolsVersion = 13.4.1;
						TestTargetID = 2A8C73D628A3121300AE5543;
					};
					2A8C73EF28A3121300AE5543 = {
						CreatedOnToolsVersion = 13.4.1;
						TestTargetID = 2A8C73DC28A3121300AE5543;
					};
				};
			};
			buildConfigurationList = 2A8C73CE28A3120900AE5543 /* Build configuration list for PBXProject "SwiftyRicky" */;
			compatibilityVersion = "Xcode 13.0";
			developmentRegion = en;
			hasScannedForEncodings = 0;
			knownRegions = (
				en,
				Base,
			);
			mainGroup = 2A8C73CA28A3120900AE5543;
			productRefGroup = 2A8C73D828A3121300AE5543 /* Products */;
			projectDirPath = "";
			projectRoot = "";
			targets = (
				2A8C73D628A3121300AE5543 /* SwiftyRicky (iOS) */,
				2A8C73DC28A3121300AE5543 /* SwiftyRicky (macOS) */,
				2A8C73E328A3121300AE5543 /* Tests iOS */,
				2A8C73EF28A3121300AE5543 /* Tests macOS */,
			);
		};
/* End PBXProject section */

/* Begin PBXResourcesBuildPhase section */
		2A8C73D528A3121300AE5543 /* Resources */ = {
			isa = PBXResourcesBuildPhase;
			buildActionMask = 2147483647;
			files = (
				2A8C73FC28A3121300AE5543 /* Assets.xcassets in Resources */,
			);
			runOnlyForDeploymentPostprocessing = 0;
		};
		2A8C73DB28A3121300AE5543 /* Resources */ = {
			isa = PBXResourcesBuildPhase;
			buildActionMask = 2147483647;
			files = (
				2A8C73FD28A3121300AE5543 /* Assets.xcassets in Resources */,
			);
			runOnlyForDeploymentPostprocessing = 0;
		};
		2A8C73E228A3121300AE5543 /* Resources */ = {
			isa = PBXResourcesBuildPhase;
			buildActionMask = 2147483647;
			files = (
			);
			runOnlyForDeploymentPostprocessing = 0;
		};
		2A8C73EE28A3121300AE5543 /* Resources */ = {
			isa = PBXResourcesBuildPhase;
			buildActionMask = 2147483647;
			files = (
			);
			runOnlyForDeploymentPostprocessing = 0;
		};
/* End PBXResourcesBuildPhase section */

/* Begin PBXSourcesBuildPhase section */
		2A8C73D328A3121300AE5543 /* Sources */ = {
			isa = PBXSourcesBuildPhase;
			buildActionMask = 2147483647;
			files = (
				2A8C73FA28A3121300AE5543 /* ContentView.swift in Sources */,
				2A8C73F828A3121300AE5543 /* SwiftyRickyApp.swift in Sources */,
			);
			runOnlyForDeploymentPostprocessing = 0;
		};
		2A8C73D928A3121300AE5543 /* Sources */ = {
			isa = PBXSourcesBuildPhase;
			buildActionMask = 2147483647;
			files = (
				2A8C73FB28A3121300AE5543 /* ContentView.swift in Sources */,
				2A8C73F928A3121300AE5543 /* SwiftyRickyApp.swift in Sources */,
			);
			runOnlyForDeploymentPostprocessing = 0;
		};
		2A8C73E028A3121300AE5543 /* Sources */ = {
			isa = PBXSourcesBuildPhase;
			buildActionMask = 2147483647;
			files = (
				2A8C73EB28A3121300AE5543 /* Tests_iOSLaunchTests.swift in Sources */,
				2A8C73E928A3121300AE5543 /* Tests_iOS.swift in Sources */,
			);
			runOnlyForDeploymentPostprocessing = 0;
		};
		2A8C73EC28A3121300AE5543 /* Sources */ = {
			isa = PBXSourcesBuildPhase;
			buildActionMask = 2147483647;
			files = (
				2A8C73F728A3121300AE5543 /* Tests_macOSLaunchTests.swift in Sources */,
				2A8C73F528A3121300AE5543 /* Tests_macOS.swift in Sources */,
			);
			runOnlyForDeploymentPostprocessing = 0;
		};
/* End PBXSourcesBuildPhase section */

/* Begin PBXTargetDependency section */
		2A8C73E628A3121300AE5543 /* PBXTargetDependency */ = {
			isa = PBXTargetDependency;
			target = 2A8C73D628A3121300AE5543 /* SwiftyRicky (iOS) */;
			targetProxy = 2A8C73E528A3121300AE5543 /* PBXContainerItemProxy */;
		};
		2A8C73F228A3121300AE5543 /* PBXTargetDependency */ = {
			isa = PBXTargetDependency;
			target = 2A8C73DC28A3121300AE5543 /* SwiftyRicky (macOS) */;
			targetProxy = 2A8C73F128A3121300AE5543 /* PBXContainerItemProxy */;
		};
/* End PBXTargetDependency section */

/* Begin XCBuildConfiguration section */
		2A8C73FE28A3121300AE5543 /* Debug */ = {
			isa = XCBuildConfiguration;
			buildSettings = {
				ALWAYS_SEARCH_USER_PATHS = NO;
				CLANG_ANALYZER_NONNULL = YES;
				CLANG_ANALYZER_NUMBER_OBJECT_CONVERSION = YES_AGGRESSIVE;
				CLANG_CXX_LANGUAGE_STANDARD = "gnu++17";
				CLANG_ENABLE_MODULES = YES;
				CLANG_ENABLE_OBJC_ARC = YES;
				CLANG_ENABLE_OBJC_WEAK = YES;
				CLANG_WARN_BLOCK_CAPTURE_AUTORELEASING = YES;
				CLANG_WARN_BOOL_CONVERSION = YES;
				CLANG_WARN_COMMA = YES;
				CLANG_WARN_CONSTANT_CONVERSION = YES;
				CLANG_WARN_DEPRECATED_OBJC_IMPLEMENTATIONS = YES;
				CLANG_WARN_DIRECT_OBJC_ISA_USAGE = YES_ERROR;
				CLANG_WARN_DOCUMENTATION_COMMENTS = YES;
				CLANG_WARN_EMPTY_BODY = YES;
				CLANG_WARN_ENUM_CONVERSION = YES;
				CLANG_WARN_INFINITE_RECURSION = YES;
				CLANG_WARN_INT_CONVERSION = YES;
				CLANG_WARN_NON_LITERAL_NULL_CONVERSION = YES;
				CLANG_WARN_OBJC_IMPLICIT_RETAIN_SELF = YES;
				CLANG_WARN_OBJC_LITERAL_CONVERSION = YES;
				CLANG_WARN_OBJC_ROOT_CLASS = YES_ERROR;
				CLANG_WARN_QUOTED_INCLUDE_IN_FRAMEWORK_HEADER = YES;
				CLANG_WARN_RANGE_LOOP_ANALYSIS = YES;
				CLANG_WARN_STRICT_PROTOTYPES = YES;
				CLANG_WARN_SUSPICIOUS_MOVE = YES;
				CLANG_WARN_UNGUARDED_AVAILABILITY = YES_AGGRESSIVE;
				CLANG_WARN_UNREACHABLE_CODE = YES;
				CLANG_WARN__DUPLICATE_METHOD_MATCH = YES;
				COPY_PHASE_STRIP = NO;
				DEBUG_INFORMATION_FORMAT = dwarf;
				ENABLE_STRICT_OBJC_MSGSEND = YES;
				ENABLE_TESTABILITY = YES;
				GCC_C_LANGUAGE_STANDARD = gnu11;
				GCC_DYNAMIC_NO_PIC = NO;
				GCC_NO_COMMON_BLOCKS = YES;
				GCC_OPTIMIZATION_LEVEL = 0;
				GCC_PREPROCESSOR_DEFINITIONS = (
					"DEBUG=1",
					"$(inherited)",
				);
				GCC_WARN_64_TO_32_BIT_CONVERSION = YES;
				GCC_WARN_ABOUT_RETURN_TYPE = YES_ERROR;
				GCC_WARN_UNDECLARED_SELECTOR = YES;
				GCC_WARN_UNINITIALIZED_AUTOS = YES_AGGRESSIVE;
				GCC_WARN_UNUSED_FUNCTION = YES;
				GCC_WARN_UNUSED_VARIABLE = YES;
				MTL_ENABLE_DEBUG_INFO = INCLUDE_SOURCE;
				MTL_FAST_MATH = YES;
				ONLY_ACTIVE_ARCH = YES;
				SWIFT_ACTIVE_COMPILATION_CONDITIONS = DEBUG;
				SWIFT_OPTIMIZATION_LEVEL = "-Onone";
			};
			name = Debug;
		};
		2A8C73FF28A3121300AE5543 /* Release */ = {
			isa = XCBuildConfiguration;
			buildSettings = {
				ALWAYS_SEARCH_USER_PATHS = NO;
				CLANG_ANALYZER_NONNULL = YES;
				CLANG_ANALYZER_NUMBER_OBJECT_CONVERSION = YES_AGGRESSIVE;
				CLANG_CXX_LANGUAGE_STANDARD = "gnu++17";
				CLANG_ENABLE_MODULES = YES;
				CLANG_ENABLE_OBJC_ARC = YES;
				CLANG_ENABLE_OBJC_WEAK = YES;
				CLANG_WARN_BLOCK_CAPTURE_AUTORELEASING = YES;
				CLANG_WARN_BOOL_CONVERSION = YES;
				CLANG_WARN_COMMA = YES;
				CLANG_WARN_CONSTANT_CONVERSION = YES;
				CLANG_WARN_DEPRECATED_OBJC_IMPLEMENTATIONS = YES;
				CLANG_WARN_DIRECT_OBJC_ISA_USAGE = YES_ERROR;
				CLANG_WARN_DOCUMENTATION_COMMENTS = YES;
				CLANG_WARN_EMPTY_BODY = YES;
				CLANG_WARN_ENUM_CONVERSION = YES;
				CLANG_WARN_INFINITE_RECURSION = YES;
				CLANG_WARN_INT_CONVERSION = YES;
				CLANG_WARN_NON_LITERAL_NULL_CONVERSION = YES;
				CLANG_WARN_OBJC_IMPLICIT_RETAIN_SELF = YES;
				CLANG_WARN_OBJC_LITERAL_CONVERSION = YES;
				CLANG_WARN_OBJC_ROOT_CLASS = YES_ERROR;
				CLANG_WARN_QUOTED_INCLUDE_IN_FRAMEWORK_HEADER = YES;
				CLANG_WARN_RANGE_LOOP_ANALYSIS = YES;
				CLANG_WARN_STRICT_PROTOTYPES = YES;
				CLANG_WARN_SUSPICIOUS_MOVE = YES;
				CLANG_WARN_UNGUARDED_AVAILABILITY = YES_AGGRESSIVE;
				CLANG_WARN_UNREACHABLE_CODE = YES;
				CLANG_WARN__DUPLICATE_METHOD_MATCH = YES;
				COPY_PHASE_STRIP = NO;
				DEBUG_INFORMATION_FORMAT = "dwarf-with-dsym";
				ENABLE_NS_ASSERTIONS = NO;
				ENABLE_STRICT_OBJC_MSGSEND = YES;
				GCC_C_LANGUAGE_STANDARD = gnu11;
				GCC_NO_COMMON_BLOCKS = YES;
				GCC_WARN_64_TO_32_BIT_CONVERSION = YES;
				GCC_WARN_ABOUT_RETURN_TYPE = YES_ERROR;
				GCC_WARN_UNDECLARED_SELECTOR = YES;
				GCC_WARN_UNINITIALIZED_AUTOS = YES_AGGRESSIVE;
				GCC_WARN_UNUSED_FUNCTION = YES;
				GCC_WARN_UNUSED_VARIABLE = YES;
				MTL_ENABLE_DEBUG_INFO = NO;
				MTL_FAST_MATH = YES;
				SWIFT_COMPILATION_MODE = wholemodule;
				SWIFT_OPTIMIZATION_LEVEL = "-O";
			};
			name = Release;
		};
		2A8C740128A3121300AE5543 /* Debug */ = {
			isa = XCBuildConfiguration;
			buildSettings = {
				ASSETCATALOG_COMPILER_APPICON_NAME = AppIcon;
				ASSETCATALOG_COMPILER_GLOBAL_ACCENT_COLOR_NAME = AccentColor;
				CODE_SIGN_STYLE = Automatic;
				CURRENT_PROJECT_VERSION = 1;
				ENABLE_PREVIEWS = YES;
				GENERATE_INFOPLIST_FILE = YES;
				INFOPLIST_KEY_UIApplicationSceneManifest_Generation = YES;
				INFOPLIST_KEY_UIApplicationSupportsIndirectInputEvents = YES;
				INFOPLIST_KEY_UILaunchScreen_Generation = YES;
				INFOPLIST_KEY_UISupportedInterfaceOrientations_iPad = "UIInterfaceOrientationPortrait UIInterfaceOrientationPortraitUpsideDown UIInterfaceOrientationLandscapeLeft UIInterfaceOrientationLandscapeRight";
				INFOPLIST_KEY_UISupportedInterfaceOrientations_iPhone = "UIInterfaceOrientationPortrait UIInterfaceOrientationLandscapeLeft UIInterfaceOrientationLandscapeRight";
				IPHONEOS_DEPLOYMENT_TARGET = 15.5;
				LD_RUNPATH_SEARCH_PATHS = (
					"$(inherited)",
					"@executable_path/Frameworks",
				);
				MARKETING_VERSION = 1.0;
				PRODUCT_BUNDLE_IDENTIFIER = sparkweb.SwiftyRicky;
				PRODUCT_NAME = SwiftyRicky;
				SDKROOT = iphoneos;
				SWIFT_EMIT_LOC_STRINGS = YES;
				SWIFT_VERSION = 5.0;
				TARGETED_DEVICE_FAMILY = "1,2";
			};
			name = Debug;
		};
		2A8C740228A3121300AE5543 /* Release */ = {
			isa = XCBuildConfiguration;
			buildSettings = {
				ASSETCATALOG_COMPILER_APPICON_NAME = AppIcon;
				ASSETCATALOG_COMPILER_GLOBAL_ACCENT_COLOR_NAME = AccentColor;
				CODE_SIGN_STYLE = Automatic;
				CURRENT_PROJECT_VERSION = 1;
				ENABLE_PREVIEWS = YES;
				GENERATE_INFOPLIST_FILE = YES;
				INFOPLIST_KEY_UIApplicationSceneManifest_Generation = YES;
				INFOPLIST_KEY_UIApplicationSupportsIndirectInputEvents = YES;
				INFOPLIST_KEY_UILaunchScreen_Generation = YES;
				INFOPLIST_KEY_UISupportedInterfaceOrientations_iPad = "UIInterfaceOrientationPortrait UIInterfaceOrientationPortraitUpsideDown UIInterfaceOrientationLandscapeLeft UIInterfaceOrientationLandscapeRight";
				INFOPLIST_KEY_UISupportedInterfaceOrientations_iPhone = "UIInterfaceOrientationPortrait UIInterfaceOrientationLandscapeLeft UIInterfaceOrientationLandscapeRight";
				IPHONEOS_DEPLOYMENT_TARGET = 15.5;
				LD_RUNPATH_SEARCH_PATHS = (
					"$(inherited)",
					"@executable_path/Frameworks",
				);
				MARKETING_VERSION = 1.0;
				PRODUCT_BUNDLE_IDENTIFIER = sparkweb.SwiftyRicky;
				PRODUCT_NAME = SwiftyRicky;
				SDKROOT = iphoneos;
				SWIFT_EMIT_LOC_STRINGS = YES;
				SWIFT_VERSION = 5.0;
				TARGETED_DEVICE_FAMILY = "1,2";
				VALIDATE_PRODUCT = YES;
			};
			name = Release;
		};
		2A8C740428A3121300AE5543 /* Debug */ = {
			isa = XCBuildConfiguration;
			buildSettings = {
				ASSETCATALOG_COMPILER_APPICON_NAME = AppIcon;
				ASSETCATALOG_COMPILER_GLOBAL_ACCENT_COLOR_NAME = AccentColor;
				CODE_SIGN_ENTITLEMENTS = macOS/macOS.entitlements;
				CODE_SIGN_STYLE = Automatic;
				COMBINE_HIDPI_IMAGES = YES;
				CURRENT_PROJECT_VERSION = 1;
				ENABLE_PREVIEWS = YES;
				GENERATE_INFOPLIST_FILE = YES;
				INFOPLIST_KEY_NSHumanReadableCopyright = "";
				LD_RUNPATH_SEARCH_PATHS = (
					"$(inherited)",
					"@executable_path/../Frameworks",
				);
				MACOSX_DEPLOYMENT_TARGET = 12.3;
				MARKETING_VERSION = 1.0;
				PRODUCT_BUNDLE_IDENTIFIER = sparkweb.SwiftyRicky;
				PRODUCT_NAME = SwiftyRicky;
				SDKROOT = macosx;
				SWIFT_EMIT_LOC_STRINGS = YES;
				SWIFT_VERSION = 5.0;
			};
			name = Debug;
		};
		2A8C740528A3121300AE5543 /* Release */ = {
			isa = XCBuildConfiguration;
			buildSettings = {
				ASSETCATALOG_COMPILER_APPICON_NAME = AppIcon;
				ASSETCATALOG_COMPILER_GLOBAL_ACCENT_COLOR_NAME = AccentColor;
				CODE_SIGN_ENTITLEMENTS = macOS/macOS.entitlements;
				CODE_SIGN_STYLE = Automatic;
				COMBINE_HIDPI_IMAGES = YES;
				CURRENT_PROJECT_VERSION = 1;
				ENABLE_PREVIEWS = YES;
				GENERATE_INFOPLIST_FILE = YES;
				INFOPLIST_KEY_NSHumanReadableCopyright = "";
				LD_RUNPATH_SEARCH_PATHS = (
					"$(inherited)",
					"@executable_path/../Frameworks",
				);
				MACOSX_DEPLOYMENT_TARGET = 12.3;
				MARKETING_VERSION = 1.0;
				PRODUCT_BUNDLE_IDENTIFIER = sparkweb.SwiftyRicky;
				PRODUCT_NAME = SwiftyRicky;
				SDKROOT = macosx;
				SWIFT_EMIT_LOC_STRINGS = YES;
				SWIFT_VERSION = 5.0;
			};
			name = Release;
		};
		2A8C740728A3121300AE5543 /* Debug */ = {
			isa = XCBuildConfiguration;
			buildSettings = {
				ALWAYS_EMBED_SWIFT_STANDARD_LIBRARIES = YES;
				CODE_SIGN_STYLE = Automatic;
				CURRENT_PROJECT_VERSION = 1;
				GENERATE_INFOPLIST_FILE = YES;
				IPHONEOS_DEPLOYMENT_TARGET = 15.5;
				MARKETING_VERSION = 1.0;
				PRODUCT_BUNDLE_IDENTIFIER = "sparkweb.Tests-iOS";
				PRODUCT_NAME = "$(TARGET_NAME)";
				SDKROOT = iphoneos;
				SWIFT_EMIT_LOC_STRINGS = NO;
				SWIFT_VERSION = 5.0;
				TARGETED_DEVICE_FAMILY = "1,2";
				TEST_TARGET_NAME = "SwiftyRicky (iOS)";
			};
			name = Debug;
		};
		2A8C740828A3121300AE5543 /* Release */ = {
			isa = XCBuildConfiguration;
			buildSettings = {
				ALWAYS_EMBED_SWIFT_STANDARD_LIBRARIES = YES;
				CODE_SIGN_STYLE = Automatic;
				CURRENT_PROJECT_VERSION = 1;
				GENERATE_INFOPLIST_FILE = YES;
				IPHONEOS_DEPLOYMENT_TARGET = 15.5;
				MARKETING_VERSION = 1.0;
				PRODUCT_BUNDLE_IDENTIFIER = "sparkweb.Tests-iOS";
				PRODUCT_NAME = "$(TARGET_NAME)";
				SDKROOT = iphoneos;
				SWIFT_EMIT_LOC_STRINGS = NO;
				SWIFT_VERSION = 5.0;
				TARGETED_DEVICE_FAMILY = "1,2";
				TEST_TARGET_NAME = "SwiftyRicky (iOS)";
				VALIDATE_PRODUCT = YES;
			};
			name = Release;
		};
		2A8C740A28A3121300AE5543 /* Debug */ = {
			isa = XCBuildConfiguration;
			buildSettings = {
				ALWAYS_EMBED_SWIFT_STANDARD_LIBRARIES = YES;
				CODE_SIGN_STYLE = Automatic;
				CURRENT_PROJECT_VERSION = 1;
				GENERATE_INFOPLIST_FILE = YES;
				MACOSX_DEPLOYMENT_TARGET = 12.3;
				MARKETING_VERSION = 1.0;
				PRODUCT_BUNDLE_IDENTIFIER = "sparkweb.Tests-macOS";
				PRODUCT_NAME = "$(TARGET_NAME)";
				SDKROOT = macosx;
				SWIFT_EMIT_LOC_STRINGS = NO;
				SWIFT_VERSION = 5.0;
				TEST_TARGET_NAME = "SwiftyRicky (macOS)";
			};
			name = Debug;
		};
		2A8C740B28A3121300AE5543 /* Release */ = {
			isa = XCBuildConfiguration;
			buildSettings = {
				ALWAYS_EMBED_SWIFT_STANDARD_LIBRARIES = YES;
				CODE_SIGN_STYLE = Automatic;
				CURRENT_PROJECT_VERSION = 1;
				GENERATE_INFOPLIST_FILE = YES;
				MACOSX_DEPLOYMENT_TARGET = 12.3;
				MARKETING_VERSION = 1.0;
				PRODUCT_BUNDLE_IDENTIFIER = "sparkweb.Tests-macOS";
				PRODUCT_NAME = "$(TARGET_NAME)";
				SDKROOT = macosx;
				SWIFT_EMIT_LOC_STRINGS = NO;
				SWIFT_VERSION = 5.0;
				TEST_TARGET_NAME = "SwiftyRicky (macOS)";
			};
			name = Release;
		};
/* End XCBuildConfiguration section */

/* Begin XCConfigurationList section */
		2A8C73CE28A3120900AE5543 /* Build configuration list for PBXProject "SwiftyRicky" */ = {
			isa = XCConfigurationList;
			buildConfigurations = (
				2A8C73FE28A3121300AE5543 /* Debug */,
				2A8C73FF28A3121300AE5543 /* Release */,
			);
			defaultConfigurationIsVisible = 0;
			defaultConfigurationName = Release;
		};
		2A8C740028A3121300AE5543 /* Build configuration list for PBXNativeTarget "SwiftyRicky (iOS)" */ = {
			isa = XCConfigurationList;
			buildConfigurations = (
				2A8C740128A3121300AE5543 /* Debug */,
				2A8C740228A3121300AE5543 /* Release */,
			);
			defaultConfigurationIsVisible = 0;
			defaultConfigurationName = Release;
		};
		2A8C740328A3121300AE5543 /* Build configuration list for PBXNativeTarget "SwiftyRicky (macOS)" */ = {
			isa = XCConfigurationList;
			buildConfigurations = (
				2A8C740428A3121300AE5543 /* Debug */,
				2A8C740528A3121300AE5543 /* Release */,
			);
			defaultConfigurationIsVisible = 0;
			defaultConfigurationName = Release;
		};
		2A8C740628A3121300AE5543 /* Build configuration list for PBXNativeTarget "Tests iOS" */ = {
			isa = XCConfigurationList;
			buildConfigurations = (
				2A8C740728A3121300AE5543 /* Debug */,
				2A8C740828A3121300AE5543 /* Release */,
			);
			defaultConfigurationIsVisible = 0;
			defaultConfigurationName = Release;
		};
		2A8C740928A3121300AE5543 /* Build configuration list for PBXNativeTarget "Tests macOS" */ = {
			isa = XCConfigurationList;
			buildConfigurations = (
				2A8C740A28A3121300AE5543 /* Debug */,
				2A8C740B28A3121300AE5543 /* Release */,
			);
			defaultConfigurationIsVisible = 0;
			defaultConfigurationName = Release;
		};
/* End XCConfigurationList section */
	};
	rootObject = 2A8C73CB28A3120900AE5543 /* Project object */;
}
